
Microsoft Visual Studio Solution File, Format Version 12.00
# Visual Studio Version 17
VisualStudioVersion = 17.1.32328.378
MinimumVisualStudioVersion = 10.0.40219.1
Project("{FAE04EC0-301F-11D3-BF4B-00C04F79EFBC}") = "MinimalBackend", "MinimalBackend.csproj", "{055A7A9C-5DA1-40B2-BE14-8AC4375B6301}"
EndProject
Global
	GlobalSection(SolutionConfigurationPlatforms) = preSolution
		Debug|Any CPU = Debug|Any CPU
		Release|Any CPU = Release|Any CPU
	EndGlobalSection
	GlobalSection(ProjectConfigurationPlatforms) = postSolution
		{055A7A9C-5DA1-40B2-BE14-8AC4375B6301}.Debug|Any CPU.ActiveCfg = Debug|Any CPU
		{055A7A9C-5DA1-40B2-BE14-8AC4375B6301}.Debug|Any CPU.Build.0 = Debug|Any CPU
		{055A7A9C-5DA1-40B2-BE14-8AC4375B6301}.Release|Any CPU.ActiveCfg = Release|Any CPU
		{055A7A9C-5DA1-40B2-BE14-8AC4375B6301}.Release|Any CPU.Build.0 = Release|Any CPU
	EndGlobalSection
	GlobalSection(SolutionProperties) = preSolution
		HideSolutionNode = FALSE
	EndGlobalSection
	GlobalSection(ExtensibilityGlobals) = postSolution
		SolutionGuid = {EF595358-7FE7-496A-9E98-CF291E0D7E20}
	EndGlobalSection
EndGlobal
